{
  "name": "sarima",
  "version": "1.0.0",
  "lockfileVersion": 3,
  "requires": true,
  "packages": {
    "": {
      "name": "sarima",
      "version": "1.0.0",
      "license": "ISC",
      "dependencies": {
        "arima": "^0.2.5",
        "moving-average-arima": "^0.2.9",
        "stats-analysis": "^2.0.0"
      }
    },
    "node_modules/arima": {
      "version": "0.2.5",
      "resolved": "https://registry.npmjs.org/arima/-/arima-0.2.5.tgz",
      "integrity": "sha512-DeACdPoXO3EbFo99oW5BcwMvu3TjgxzMfqd9T1gcPkKrQEsw2P08czMJHycbEjLnDKEcUNLVzhqi3a6raK8Eng=="
    },
    "node_modules/moving-average-arima": {
      "version": "0.2.9",
      "resolved": "https://registry.npmjs.org/moving-average-arima/-/moving-average-arima-0.2.9.tgz",
      "integrity": "sha512-Mc0AXHZgewbjhuiG8C4uP/5FncqaL69quqh59sdmg+ia1ldpZg/1bYrsarUu354Yl+G5oWmlKlOkJKgzw4rOPg=="
    },
    "node_modules/stats-analysis": {
      "version": "2.0.0",
      "resolved": "https://registry.npmjs.org/stats-analysis/-/stats-analysis-2.0.0.tgz",
      "integrity": "sha512-vNDX84W0E37iSkGUvbhOknNnbE7+9T+6FaUyZO6wIDBk+pyDV28FBCcMywMHyIgyrNMM4woEWDhEURNtBtkswg=="
    }
  }
}
